<?xml version="1.0" encoding="utf-8"?>
<Project ToolsVersion="4.0" xmlns="http://schemas.microsoft.com/developer/msbuild/2003">
  <ItemGroup>
    <Filter Include="源文件">
      <UniqueIdentifier>{4FC737F1-C7A5-4376-A066-2A32D752A2FF}</UniqueIdentifier>
      <Extensions>cpp;c;cc;cxx;c++;cppm;ixx;def;odl;idl;hpj;bat;asm;asmx</Extensions>
    </Filter>
    <Filter Include="头文件">
      <UniqueIdentifier>{93995380-89BD-4b04-88EB-625FBE52EBFB}</UniqueIdentifier>
      <Extensions>h;hh;hpp;hxx;h++;hm;inl;inc;ipp;xsd</Extensions>
    </Filter>
    <Filter Include="资源文件">
      <UniqueIdentifier>{67DA6AB6-F800-4c08-8B7A-83BB121AAD01}</UniqueIdentifier>
      <Extensions>rc;ico;cur;bmp;dlg;rc2;rct;bin;rgs;gif;jpg;jpeg;jpe;resx;tiff;tif;png;wav;mfcribbon-ms</Extensions>
    </Filter>
  </ItemGroup>
  <ItemGroup>
    <ClCompile Include="src\HybridECS.cpp">
      <Filter>源文件</Filter>
    </ClCompile>
    <ClCompile Include="src\pch.cpp">
      <Filter>源文件</Filter>
    </ClCompile>
  </ItemGroup>
  <ItemGroup>
    <ClInclude Include="src\meta\Utils.h">
      <Filter>头文件</Filter>
    </ClInclude>
    <ClInclude Include="src\container\entt\compressed_pair.h">
      <Filter>头文件</Filter>
    </ClInclude>
    <ClInclude Include="src\container\entt\dense_map.h">
      <Filter>头文件</Filter>
    </ClInclude>
    <ClInclude Include="src\container\container.h">
      <Filter>头文件</Filter>
    </ClInclude>
    <ClInclude Include="src\container\fixed_vector.h">
      <Filter>头文件</Filter>
    </ClInclude>
    <ClInclude Include="src\container\stl_container.h">
      <Filter>头文件</Filter>
    </ClInclude>
    <ClInclude Include="src\container\generic_vector.h">
      <Filter>头文件</Filter>
    </ClInclude>
    <ClInclude Include="src\container\variant_vector.h">
      <Filter>头文件</Filter>
    </ClInclude>
    <ClInclude Include="src\core\old\Application.h">
      <Filter>头文件</Filter>
    </ClInclude>
    <ClInclude Include="src\core\old\ArchtypeData.h">
      <Filter>头文件</Filter>
    </ClInclude>
    <ClInclude Include="src\core\old\CoreComponent.h">
      <Filter>头文件</Filter>
    </ClInclude>
    <ClInclude Include="src\core\entity.h">
      <Filter>头文件</Filter>
    </ClInclude>
    <ClInclude Include="src\core\old\EntityManager.h">
      <Filter>头文件</Filter>
    </ClInclude>
    <ClInclude Include="src\core\old\ICompomemt.h">
      <Filter>头文件</Filter>
    </ClInclude>
    <ClInclude Include="src\core\old\ISystem.h">
      <Filter>头文件</Filter>
    </ClInclude>
    <ClInclude Include="src\core\old\Query.h">
      <Filter>头文件</Filter>
    </ClInclude>
    <ClInclude Include="src\core\old\QueryBuilder.h">
      <Filter>头文件</Filter>
    </ClInclude>
    <ClInclude Include="src\core\old\Reflection.h">
      <Filter>头文件</Filter>
    </ClInclude>
    <ClInclude Include="src\core\old\SystemManager.h">
      <Filter>头文件</Filter>
    </ClInclude>
    <ClInclude Include="src\core\old\World.h">
      <Filter>头文件</Filter>
    </ClInclude>
    <ClInclude Include="src\lib\glm_lib.h">
      <Filter>头文件</Filter>
    </ClInclude>
    <ClInclude Include="src\lib\Lib.h">
      <Filter>头文件</Filter>
    </ClInclude>
    <ClInclude Include="src\lib\std_lib.h">
      <Filter>头文件</Filter>
    </ClInclude>
    <ClInclude Include="src\math\Math.h">
      <Filter>头文件</Filter>
    </ClInclude>
    <ClInclude Include="src\meta\function_traits.h">
      <Filter>头文件</Filter>
    </ClInclude>
    <ClInclude Include="src\meta\type_indexed_array.h">
      <Filter>头文件</Filter>
    </ClInclude>
    <ClInclude Include="src\meta\type_list.h">
      <Filter>头文件</Filter>
    </ClInclude>
    <ClInclude Include="src\pch.h">
      <Filter>头文件</Filter>
    </ClInclude>
    <ClInclude Include="src\core\table.h">
      <Filter>头文件</Filter>
    </ClInclude>
    <ClInclude Include="src\container\generic_container.h">
      <Filter>头文件</Filter>
    </ClInclude>
    <ClInclude Include="src\core\archetype.h">
      <Filter>头文件</Filter>
    </ClInclude>
    <ClInclude Include="src\core\rtref.h">
      <Filter>头文件</Filter>
    </ClInclude>
    <ClInclude Include="src\core\type_hash.h">
      <Filter>头文件</Filter>
    </ClInclude>
    <ClInclude Include="src\core\component.h">
      <Filter>头文件</Filter>
    </ClInclude>
    <ClInclude Include="src\core\archetype_storage.h">
      <Filter>头文件</Filter>
    </ClInclude>
    <ClInclude Include="src\core\archetype_registry.h">
      <Filter>头文件</Filter>
    </ClInclude>
    <ClInclude Include="src\container\vaildref_map.h">
      <Filter>头文件</Filter>
    </ClInclude>
    <ClInclude Include="src\core\data_registry.h">
      <Filter>头文件</Filter>
    </ClInclude>
    <ClInclude Include="src\core\group_registry.h">
      <Filter>头文件</Filter>
    </ClInclude>
    <ClInclude Include="src\core\cross_archetype_storage.h">
      <Filter>头文件</Filter>
    </ClInclude>
    <ClInclude Include="src\container\entt\dense_set.h">
      <Filter>源文件</Filter>
    </ClInclude>
    <ClInclude Include="src\core\query.h">
      <Filter>头文件</Filter>
    </ClInclude>
    <ClInclude Include="src\core\component_storage.h">
      <Filter>头文件</Filter>
    </ClInclude>
    <ClInclude Include="src\core\cross_query.h">
      <Filter>头文件</Filter>
    </ClInclude>
    <ClInclude Include="src\core\discard\graph_archetype_registry.h">
      <Filter>头文件</Filter>
    </ClInclude>
    <ClInclude Include="src\core\component_group.h">
      <Filter>头文件</Filter>
    </ClInclude>
    <ClInclude Include="src\lib\cxx20_extend_for_cxx17.h">
      <Filter>头文件</Filter>
    </ClInclude>
    <ClInclude Include="src\lib\cxx20_bit_extend.h">
      <Filter>头文件</Filter>
    </ClInclude>
    <ClInclude Include="src\lib\cxx20_set_extend.h">
      <Filter>头文件</Filter>
    </ClInclude>
    <ClInclude Include="src\lib\cxx20_unordered_map_extend.h">
      <Filter>头文件</Filter>
    </ClInclude>
    <ClInclude Include="src\lib\cxx20_xmemort_extend.h">
      <Filter>头文件</Filter>
    </ClInclude>
    <ClInclude Include="src\lib\cxx20_xutility_extend.h">
      <Filter>头文件</Filter>
    </ClInclude>
    <ClInclude Include="src\container\generic_dense_map.h">
      <Filter>头文件</Filter>
    </ClInclude>
    <ClInclude Include="src\container\generic_type.h">
      <Filter>头文件</Filter>
    </ClInclude>
    <ClInclude Include="src\container\generic_unordered_map.h">
      <Filter>头文件</Filter>
    </ClInclude>
    <ClInclude Include="src\container\ankerl\unordered_dense.h">
      <Filter>头文件</Filter>
    </ClInclude>
  </ItemGroup>
</Project>